// !$*UTF8*$!
{
	archiveVersion = 1;
	classes = {
	};
	objectVersion = 50;
	objects = {

/* Begin PBXBuildFile section */
		007B1F2F20858EB3009EA9F1 /* AppDelegate.m in Sources */ = {isa = PBXBuildFile; fileRef = 007B1F2E20858EB3009EA9F1 /* AppDelegate.m */; };
		007B1F3220858EB3009EA9F1 /* ViewController.m in Sources */ = {isa = PBXBuildFile; fileRef = 007B1F3120858EB3009EA9F1 /* ViewController.m */; };
		007B1F3520858EB3009EA9F1 /* Main.storyboard in Resources */ = {isa = PBXBuildFile; fileRef = 007B1F3320858EB3009EA9F1 /* Main.storyboard */; };
		007B1F3720858EB6009EA9F1 /* Assets.xcassets in Resources */ = {isa = PBXBuildFile; fileRef = 007B1F3620858EB6009EA9F1 /* Assets.xcassets */; };
		007B1F3A20858EB6009EA9F1 /* LaunchScreen.storyboard in Resources */ = {isa = PBXBuildFile; fileRef = 007B1F3820858EB6009EA9F1 /* LaunchScreen.storyboard */; };
		007B1F3D20858EB6009EA9F1 /* main.m in Sources */ = {isa = PBXBuildFile; fileRef = 007B1F3C20858EB6009EA9F1 /* main.m */; };
		007B1F4720858EB6009EA9F1 /* frameworkTests.m in Sources */ = {isa = PBXBuildFile; fileRef = 007B1F4620858EB6009EA9F1 /* frameworkTests.m */; };
		007B1F5220858EB7009EA9F1 /* frameworkUITests.m in Sources */ = {isa = PBXBuildFile; fileRef = 007B1F5120858EB7009EA9F1 /* frameworkUITests.m */; };
		00D32491208594F4001EC82F /* STLog.m in Sources */ = {isa = PBXBuildFile; fileRef = 00D32490208594F4001EC82F /* STLog.m */; };
		00D3249B208596ED001EC82F /* UILabel+StringFrame.m in Sources */ = {isa = PBXBuildFile; fileRef = 00D32495208596EC001EC82F /* UILabel+StringFrame.m */; };
		00D3249C208596ED001EC82F /* UIView+Frame.m in Sources */ = {isa = PBXBuildFile; fileRef = 00D32497208596EC001EC82F /* UIView+Frame.m */; };
		00D3249D208596ED001EC82F /* UILabel+ContentSize.m in Sources */ = {isa = PBXBuildFile; fileRef = 00D32499208596ED001EC82F /* UILabel+ContentSize.m */; };
		00D324A020859778001EC82F /* BaseViewController.m in Sources */ = {isa = PBXBuildFile; fileRef = 00D3249F20859778001EC82F /* BaseViewController.m */; };
		00D324B0208598A7001EC82F /* STSoundUtil.m in Sources */ = {isa = PBXBuildFile; fileRef = 00D324A7208598A6001EC82F /* STSoundUtil.m */; };
		00D324B1208598A7001EC82F /* STColorUtil.m in Sources */ = {isa = PBXBuildFile; fileRef = 00D324A9208598A6001EC82F /* STColorUtil.m */; };
		00D324B2208598A7001EC82F /* STTimeUtil.m in Sources */ = {isa = PBXBuildFile; fileRef = 00D324AC208598A7001EC82F /* STTimeUtil.m */; };
		00D324B3208598A7001EC82F /* STPUtil.m in Sources */ = {isa = PBXBuildFile; fileRef = 00D324AD208598A7001EC82F /* STPUtil.m */; };
		00D324C42086E2E0001EC82F /* ByViewModel.m in Sources */ = {isa = PBXBuildFile; fileRef = 00D324C32086E2E0001EC82F /* ByViewModel.m */; };
		00D324C72086E330001EC82F /* ByModel.m in Sources */ = {isa = PBXBuildFile; fileRef = 00D324C62086E330001EC82F /* ByModel.m */; };
		00D324CA2086E355001EC82F /* ByView.m in Sources */ = {isa = PBXBuildFile; fileRef = 00D324C92086E355001EC82F /* ByView.m */; };
		00D324CD2087277E001EC82F /* STNetUtil.m in Sources */ = {isa = PBXBuildFile; fileRef = 00D324CC2087277E001EC82F /* STNetUtil.m */; };
		00D324D320873B14001EC82F /* RespondModel.m in Sources */ = {isa = PBXBuildFile; fileRef = 00D324D220873B14001EC82F /* RespondModel.m */; };
		00D324E0208742CC001EC82F /* STDataBaseUtil.m in Sources */ = {isa = PBXBuildFile; fileRef = 00D324DF208742CC001EC82F /* STDataBaseUtil.m */; };
		00D324E420874874001EC82F /* STRuntimeUtil.m in Sources */ = {isa = PBXBuildFile; fileRef = 00D324E320874874001EC82F /* STRuntimeUtil.m */; };
		F7CC18FEA014615A522B69A1 /* Pods_framework.framework in Frameworks */ = {isa = PBXBuildFile; fileRef = C7AD31C7F288F0669DDF6673 /* Pods_framework.framework */; };
/* End PBXBuildFile section */

/* Begin PBXContainerItemProxy section */
		007B1F4320858EB6009EA9F1 /* PBXContainerItemProxy */ = {
			isa = PBXContainerItemProxy;
			containerPortal = 007B1F2220858EB3009EA9F1 /* Project object */;
			proxyType = 1;
			remoteGlobalIDString = 007B1F2920858EB3009EA9F1;
			remoteInfo = framework;
		};
		007B1F4E20858EB7009EA9F1 /* PBXContainerItemProxy */ = {
			isa = PBXContainerItemProxy;
			containerPortal = 007B1F2220858EB3009EA9F1 /* Project object */;
			proxyType = 1;
			remoteGlobalIDString = 007B1F2920858EB3009EA9F1;
			remoteInfo = framework;
		};
/* End PBXContainerItemProxy section */

/* Begin PBXFileReference section */
		007B1F2A20858EB3009EA9F1 /* framework.app */ = {isa = PBXFileReference; explicitFileType = wrapper.application; includeInIndex = 0; path = framework.app; sourceTree = BUILT_PRODUCTS_DIR; };
		007B1F2D20858EB3009EA9F1 /* AppDelegate.h */ = {isa = PBXFileReference; lastKnownFileType = sourcecode.c.h; path = AppDelegate.h; sourceTree = "<group>"; };
		007B1F2E20858EB3009EA9F1 /* AppDelegate.m */ = {isa = PBXFileReference; lastKnownFileType = sourcecode.c.objc; path = AppDelegate.m; sourceTree = "<group>"; };
		007B1F3020858EB3009EA9F1 /* ViewController.h */ = {isa = PBXFileReference; lastKnownFileType = sourcecode.c.h; path = ViewController.h; sourceTree = "<group>"; };
		007B1F3120858EB3009EA9F1 /* ViewController.m */ = {isa = PBXFileReference; lastKnownFileType = sourcecode.c.objc; path = ViewController.m; sourceTree = "<group>"; };
		007B1F3420858EB3009EA9F1 /* Base */ = {isa = PBXFileReference; lastKnownFileType = file.storyboard; name = Base; path = Base.lproj/Main.storyboard; sourceTree = "<group>"; };
		007B1F3620858EB6009EA9F1 /* Assets.xcassets */ = {isa = PBXFileReference; lastKnownFileType = folder.assetcatalog; path = Assets.xcassets; sourceTree = "<group>"; };
		007B1F3920858EB6009EA9F1 /* Base */ = {isa = PBXFileReference; lastKnownFileType = file.storyboard; name = Base; path = Base.lproj/LaunchScreen.storyboard; sourceTree = "<group>"; };
		007B1F3B20858EB6009EA9F1 /* Info.plist */ = {isa = PBXFileReference; lastKnownFileType = text.plist.xml; path = Info.plist; sourceTree = "<group>"; };
		007B1F3C20858EB6009EA9F1 /* main.m */ = {isa = PBXFileReference; lastKnownFileType = sourcecode.c.objc; path = main.m; sourceTree = "<group>"; };
		007B1F4220858EB6009EA9F1 /* frameworkTests.xctest */ = {isa = PBXFileReference; explicitFileType = wrapper.cfbundle; includeInIndex = 0; path = frameworkTests.xctest; sourceTree = BUILT_PRODUCTS_DIR; };
		007B1F4620858EB6009EA9F1 /* frameworkTests.m */ = {isa = PBXFileReference; lastKnownFileType = sourcecode.c.objc; path = frameworkTests.m; sourceTree = "<group>"; };
		007B1F4820858EB7009EA9F1 /* Info.plist */ = {isa = PBXFileReference; lastKnownFileType = text.plist.xml; path = Info.plist; sourceTree = "<group>"; };
		007B1F4D20858EB7009EA9F1 /* frameworkUITests.xctest */ = {isa = PBXFileReference; explicitFileType = wrapper.cfbundle; includeInIndex = 0; path = frameworkUITests.xctest; sourceTree = BUILT_PRODUCTS_DIR; };
		007B1F5120858EB7009EA9F1 /* frameworkUITests.m */ = {isa = PBXFileReference; lastKnownFileType = sourcecode.c.objc; path = frameworkUITests.m; sourceTree = "<group>"; };
		007B1F5320858EB7009EA9F1 /* Info.plist */ = {isa = PBXFileReference; lastKnownFileType = text.plist.xml; path = Info.plist; sourceTree = "<group>"; };
		007B1F6620858F87009EA9F1 /* STPrefixHeader.pch */ = {isa = PBXFileReference; lastKnownFileType = sourcecode.c.h; path = STPrefixHeader.pch; sourceTree = "<group>"; };
		007B1F6720859123009EA9F1 /* APIMacro.h */ = {isa = PBXFileReference; lastKnownFileType = sourcecode.c.h; path = APIMacro.h; sourceTree = "<group>"; };
		00D3248C208593CA001EC82F /* NotifyMacro.h */ = {isa = PBXFileReference; lastKnownFileType = sourcecode.c.h; path = NotifyMacro.h; sourceTree = "<group>"; };
		00D3248F208594F4001EC82F /* STLog.h */ = {isa = PBXFileReference; lastKnownFileType = sourcecode.c.h; path = STLog.h; sourceTree = "<group>"; };
		00D32490208594F4001EC82F /* STLog.m */ = {isa = PBXFileReference; lastKnownFileType = sourcecode.c.objc; path = STLog.m; sourceTree = "<group>"; };
		00D3249220859626001EC82F /* ThreePartyMacro.h */ = {isa = PBXFileReference; lastKnownFileType = sourcecode.c.h; path = ThreePartyMacro.h; sourceTree = "<group>"; };
		00D32495208596EC001EC82F /* UILabel+StringFrame.m */ = {isa = PBXFileReference; fileEncoding = 4; lastKnownFileType = sourcecode.c.objc; path = "UILabel+StringFrame.m"; sourceTree = "<group>"; };
		00D32496208596EC001EC82F /* UIView+Frame.h */ = {isa = PBXFileReference; fileEncoding = 4; lastKnownFileType = sourcecode.c.h; path = "UIView+Frame.h"; sourceTree = "<group>"; };
		00D32497208596EC001EC82F /* UIView+Frame.m */ = {isa = PBXFileReference; fileEncoding = 4; lastKnownFileType = sourcecode.c.objc; path = "UIView+Frame.m"; sourceTree = "<group>"; };
		00D32498208596EC001EC82F /* UILabel+ContentSize.h */ = {isa = PBXFileReference; fileEncoding = 4; lastKnownFileType = sourcecode.c.h; path = "UILabel+ContentSize.h"; sourceTree = "<group>"; };
		00D32499208596ED001EC82F /* UILabel+ContentSize.m */ = {isa = PBXFileReference; fileEncoding = 4; lastKnownFileType = sourcecode.c.objc; path = "UILabel+ContentSize.m"; sourceTree = "<group>"; };
		00D3249A208596ED001EC82F /* UILabel+StringFrame.h */ = {isa = PBXFileReference; fileEncoding = 4; lastKnownFileType = sourcecode.c.h; path = "UILabel+StringFrame.h"; sourceTree = "<group>"; };
		00D3249E20859778001EC82F /* BaseViewController.h */ = {isa = PBXFileReference; lastKnownFileType = sourcecode.c.h; path = BaseViewController.h; sourceTree = "<group>"; };
		00D3249F20859778001EC82F /* BaseViewController.m */ = {isa = PBXFileReference; lastKnownFileType = sourcecode.c.objc; path = BaseViewController.m; sourceTree = "<group>"; };
		00D324A4208597DF001EC82F /* ColorMacro.h */ = {isa = PBXFileReference; lastKnownFileType = sourcecode.c.h; path = ColorMacro.h; sourceTree = "<group>"; };
		00D324A7208598A6001EC82F /* STSoundUtil.m */ = {isa = PBXFileReference; fileEncoding = 4; lastKnownFileType = sourcecode.c.objc; path = STSoundUtil.m; sourceTree = "<group>"; };
		00D324A8208598A6001EC82F /* STSoundUtil.h */ = {isa = PBXFileReference; fileEncoding = 4; lastKnownFileType = sourcecode.c.h; path = STSoundUtil.h; sourceTree = "<group>"; };
		00D324A9208598A6001EC82F /* STColorUtil.m */ = {isa = PBXFileReference; fileEncoding = 4; lastKnownFileType = sourcecode.c.objc; path = STColorUtil.m; sourceTree = "<group>"; };
		00D324AA208598A7001EC82F /* STColorUtil.h */ = {isa = PBXFileReference; fileEncoding = 4; lastKnownFileType = sourcecode.c.h; path = STColorUtil.h; sourceTree = "<group>"; };
		00D324AB208598A7001EC82F /* STTimeUtil.h */ = {isa = PBXFileReference; fileEncoding = 4; lastKnownFileType = sourcecode.c.h; path = STTimeUtil.h; sourceTree = "<group>"; };
		00D324AC208598A7001EC82F /* STTimeUtil.m */ = {isa = PBXFileReference; fileEncoding = 4; lastKnownFileType = sourcecode.c.objc; path = STTimeUtil.m; sourceTree = "<group>"; };
		00D324AD208598A7001EC82F /* STPUtil.m */ = {isa = PBXFileReference; fileEncoding = 4; lastKnownFileType = sourcecode.c.objc; path = STPUtil.m; sourceTree = "<group>"; };
		00D324AE208598A7001EC82F /* STPUtil.h */ = {isa = PBXFileReference; fileEncoding = 4; lastKnownFileType = sourcecode.c.h; path = STPUtil.h; sourceTree = "<group>"; };
		00D324AF208598A7001EC82F /* Singleton.h */ = {isa = PBXFileReference; fileEncoding = 4; lastKnownFileType = sourcecode.c.h; path = Singleton.h; sourceTree = "<group>"; };
		00D324C22086E2E0001EC82F /* ByViewModel.h */ = {isa = PBXFileReference; lastKnownFileType = sourcecode.c.h; path = ByViewModel.h; sourceTree = "<group>"; };
		00D324C32086E2E0001EC82F /* ByViewModel.m */ = {isa = PBXFileReference; lastKnownFileType = sourcecode.c.objc; path = ByViewModel.m; sourceTree = "<group>"; };
		00D324C52086E330001EC82F /* ByModel.h */ = {isa = PBXFileReference; lastKnownFileType = sourcecode.c.h; path = ByModel.h; sourceTree = "<group>"; };
		00D324C62086E330001EC82F /* ByModel.m */ = {isa = PBXFileReference; lastKnownFileType = sourcecode.c.objc; path = ByModel.m; sourceTree = "<group>"; };
		00D324C82086E355001EC82F /* ByView.h */ = {isa = PBXFileReference; lastKnownFileType = sourcecode.c.h; path = ByView.h; sourceTree = "<group>"; };
		00D324C92086E355001EC82F /* ByView.m */ = {isa = PBXFileReference; lastKnownFileType = sourcecode.c.objc; path = ByView.m; sourceTree = "<group>"; };
		00D324CB2087277E001EC82F /* STNetUtil.h */ = {isa = PBXFileReference; lastKnownFileType = sourcecode.c.h; path = STNetUtil.h; sourceTree = "<group>"; };
		00D324CC2087277E001EC82F /* STNetUtil.m */ = {isa = PBXFileReference; lastKnownFileType = sourcecode.c.objc; path = STNetUtil.m; sourceTree = "<group>"; };
		00D324D120873B14001EC82F /* RespondModel.h */ = {isa = PBXFileReference; lastKnownFileType = sourcecode.c.h; path = RespondModel.h; sourceTree = "<group>"; };
		00D324D220873B14001EC82F /* RespondModel.m */ = {isa = PBXFileReference; lastKnownFileType = sourcecode.c.objc; path = RespondModel.m; sourceTree = "<group>"; };
		00D324DE208742CC001EC82F /* STDataBaseUtil.h */ = {isa = PBXFileReference; lastKnownFileType = sourcecode.c.h; path = STDataBaseUtil.h; sourceTree = "<group>"; };
		00D324DF208742CC001EC82F /* STDataBaseUtil.m */ = {isa = PBXFileReference; lastKnownFileType = sourcecode.c.objc; path = STDataBaseUtil.m; sourceTree = "<group>"; };
		00D324E220874874001EC82F /* STRuntimeUtil.h */ = {isa = PBXFileReference; lastKnownFileType = sourcecode.c.h; path = STRuntimeUtil.h; sourceTree = "<group>"; };
		00D324E320874874001EC82F /* STRuntimeUtil.m */ = {isa = PBXFileReference; lastKnownFileType = sourcecode.c.objc; path = STRuntimeUtil.m; sourceTree = "<group>"; };
		44CB19A2824E78F5D9947AB8 /* Pods-framework.release.xcconfig */ = {isa = PBXFileReference; includeInIndex = 1; lastKnownFileType = text.xcconfig; name = "Pods-framework.release.xcconfig"; path = "Pods/Target Support Files/Pods-framework/Pods-framework.release.xcconfig"; sourceTree = "<group>"; };
		70AB2E3AF702425BEFAEA1B9 /* Pods-framework.debug.xcconfig */ = {isa = PBXFileReference; includeInIndex = 1; lastKnownFileType = text.xcconfig; name = "Pods-framework.debug.xcconfig"; path = "Pods/Target Support Files/Pods-framework/Pods-framework.debug.xcconfig"; sourceTree = "<group>"; };
		C7AD31C7F288F0669DDF6673 /* Pods_framework.framework */ = {isa = PBXFileReference; explicitFileType = wrapper.framework; includeInIndex = 0; path = Pods_framework.framework; sourceTree = BUILT_PRODUCTS_DIR; };
/* End PBXFileReference section */

/* Begin PBXFrameworksBuildPhase section */
		007B1F2720858EB3009EA9F1 /* Frameworks */ = {
			isa = PBXFrameworksBuildPhase;
			buildActionMask = 2147483647;
			files = (
				F7CC18FEA014615A522B69A1 /* Pods_framework.framework in Frameworks */,
			);
			runOnlyForDeploymentPostprocessing = 0;
		};
		007B1F3F20858EB6009EA9F1 /* Frameworks */ = {
			isa = PBXFrameworksBuildPhase;
			buildActionMask = 2147483647;
			files = (
			);
			runOnlyForDeploymentPostprocessing = 0;
		};
		007B1F4A20858EB7009EA9F1 /* Frameworks */ = {
			isa = PBXFrameworksBuildPhase;
			buildActionMask = 2147483647;
			files = (
			);
			runOnlyForDeploymentPostprocessing = 0;
		};
/* End PBXFrameworksBuildPhase section */

/* Begin PBXGroup section */
		007B1F2120858EB3009EA9F1 = {
			isa = PBXGroup;
			children = (
				007B1F2C20858EB3009EA9F1 /* framework */,
				007B1F4520858EB6009EA9F1 /* frameworkTests */,
				007B1F5020858EB7009EA9F1 /* frameworkUITests */,
				007B1F2B20858EB3009EA9F1 /* Products */,
				FAD363D655F40BDCCBFFC22F /* Pods */,
				F4CB1C08952DCB6FCA6926B1 /* Frameworks */,
			);
			sourceTree = "<group>";
		};
		007B1F2B20858EB3009EA9F1 /* Products */ = {
			isa = PBXGroup;
			children = (
				007B1F2A20858EB3009EA9F1 /* framework.app */,
				007B1F4220858EB6009EA9F1 /* frameworkTests.xctest */,
				007B1F4D20858EB7009EA9F1 /* frameworkUITests.xctest */,
			);
			name = Products;
			sourceTree = "<group>";
		};
		007B1F2C20858EB3009EA9F1 /* framework */ = {
			isa = PBXGroup;
			children = (
				00D324B52085EE3F001EC82F /* viewcontroller */,
				007B1F6320858F1D009EA9F1 /* view */,
				007B1F6220858F17009EA9F1 /* model */,
				00D324B42085EE25001EC82F /* viewmodel */,
				007B1F6520858F46009EA9F1 /* threeparty */,
				007B1F6420858F20009EA9F1 /* macro */,
				007B1F6120858F06009EA9F1 /* categories */,
				007B1F6020858EF5009EA9F1 /* general */,
				007B1F5F20858EC4009EA9F1 /* base */,
				007B1F2D20858EB3009EA9F1 /* AppDelegate.h */,
				007B1F2E20858EB3009EA9F1 /* AppDelegate.m */,
				007B1F3320858EB3009EA9F1 /* Main.storyboard */,
				007B1F3620858EB6009EA9F1 /* Assets.xcassets */,
				007B1F3820858EB6009EA9F1 /* LaunchScreen.storyboard */,
				007B1F3B20858EB6009EA9F1 /* Info.plist */,
				007B1F3C20858EB6009EA9F1 /* main.m */,
			);
			path = framework;
			sourceTree = "<group>";
		};
		007B1F4520858EB6009EA9F1 /* frameworkTests */ = {
			isa = PBXGroup;
			children = (
				007B1F4620858EB6009EA9F1 /* frameworkTests.m */,
				007B1F4820858EB7009EA9F1 /* Info.plist */,
			);
			path = frameworkTests;
			sourceTree = "<group>";
		};
		007B1F5020858EB7009EA9F1 /* frameworkUITests */ = {
			isa = PBXGroup;
			children = (
				007B1F5120858EB7009EA9F1 /* frameworkUITests.m */,
				007B1F5320858EB7009EA9F1 /* Info.plist */,
			);
			path = frameworkUITests;
			sourceTree = "<group>";
		};
		007B1F5F20858EC4009EA9F1 /* base */ = {
			isa = PBXGroup;
			children = (
				00D3249E20859778001EC82F /* BaseViewController.h */,
				00D3249F20859778001EC82F /* BaseViewController.m */,
			);
			path = base;
			sourceTree = "<group>";
		};
		007B1F6020858EF5009EA9F1 /* general */ = {
			isa = PBXGroup;
			children = (
				00D324E120874868001EC82F /* runtime */,
				00D324DD208742BD001EC82F /* db */,
				00D324D9208740CE001EC82F /* ui */,
				00D324DA208740D8001EC82F /* time */,
				00D324D8208740C3001EC82F /* sound */,
				00D324D7208740B5001EC82F /* log */,
				00D324D42087409C001EC82F /* net */,
				00D324AF208598A7001EC82F /* Singleton.h */,
			);
			path = general;
			sourceTree = "<group>";
		};
		007B1F6120858F06009EA9F1 /* categories */ = {
			isa = PBXGroup;
			children = (
				00D324DC20874100001EC82F /* view */,
				00D324DB208740EE001EC82F /* label */,
			);
			path = categories;
			sourceTree = "<group>";
		};
		007B1F6220858F17009EA9F1 /* model */ = {
			isa = PBXGroup;
			children = (
				00D324C52086E330001EC82F /* ByModel.h */,
				00D324C62086E330001EC82F /* ByModel.m */,
				00D324D120873B14001EC82F /* RespondModel.h */,
				00D324D220873B14001EC82F /* RespondModel.m */,
			);
			path = model;
			sourceTree = "<group>";
		};
		007B1F6320858F1D009EA9F1 /* view */ = {
			isa = PBXGroup;
			children = (
				00D324C82086E355001EC82F /* ByView.h */,
				00D324C92086E355001EC82F /* ByView.m */,
			);
			path = view;
			sourceTree = "<group>";
		};
		007B1F6420858F20009EA9F1 /* macro */ = {
			isa = PBXGroup;
			children = (
				007B1F6620858F87009EA9F1 /* STPrefixHeader.pch */,
				007B1F6720859123009EA9F1 /* APIMacro.h */,
				00D3248C208593CA001EC82F /* NotifyMacro.h */,
				00D3249220859626001EC82F /* ThreePartyMacro.h */,
				00D324A4208597DF001EC82F /* ColorMacro.h */,
			);
			path = macro;
			sourceTree = "<group>";
		};
		007B1F6520858F46009EA9F1 /* threeparty */ = {
			isa = PBXGroup;
			children = (
			);
			path = threeparty;
			sourceTree = "<group>";
		};
		00D324B42085EE25001EC82F /* viewmodel */ = {
			isa = PBXGroup;
			children = (
				00D324C22086E2E0001EC82F /* ByViewModel.h */,
				00D324C32086E2E0001EC82F /* ByViewModel.m */,
			);
			path = viewmodel;
			sourceTree = "<group>";
		};
		00D324B52085EE3F001EC82F /* viewcontroller */ = {
			isa = PBXGroup;
			children = (
				007B1F3020858EB3009EA9F1 /* ViewController.h */,
				007B1F3120858EB3009EA9F1 /* ViewController.m */,
			);
			path = viewcontroller;
			sourceTree = "<group>";
		};
		00D324D42087409C001EC82F /* net */ = {
			isa = PBXGroup;
			children = (
				00D324D6208740A5001EC82F /* socket */,
				00D324D5208740A0001EC82F /* http */,
			);
			path = net;
			sourceTree = "<group>";
		};
		00D324D5208740A0001EC82F /* http */ = {
			isa = PBXGroup;
			children = (
				00D324CB2087277E001EC82F /* STNetUtil.h */,
				00D324CC2087277E001EC82F /* STNetUtil.m */,
			);
			path = http;
			sourceTree = "<group>";
		};
		00D324D6208740A5001EC82F /* socket */ = {
			isa = PBXGroup;
			children = (
			);
			path = socket;
			sourceTree = "<group>";
		};
		00D324D7208740B5001EC82F /* log */ = {
			isa = PBXGroup;
			children = (
				00D3248F208594F4001EC82F /* STLog.h */,
				00D32490208594F4001EC82F /* STLog.m */,
			);
			path = log;
			sourceTree = "<group>";
		};
		00D324D8208740C3001EC82F /* sound */ = {
			isa = PBXGroup;
			children = (
				00D324A8208598A6001EC82F /* STSoundUtil.h */,
				00D324A7208598A6001EC82F /* STSoundUtil.m */,
			);
			path = sound;
			sourceTree = "<group>";
		};
		00D324D9208740CE001EC82F /* ui */ = {
			isa = PBXGroup;
			children = (
				00D324AA208598A7001EC82F /* STColorUtil.h */,
				00D324A9208598A6001EC82F /* STColorUtil.m */,
				00D324AE208598A7001EC82F /* STPUtil.h */,
				00D324AD208598A7001EC82F /* STPUtil.m */,
			);
			path = ui;
			sourceTree = "<group>";
		};
		00D324DA208740D8001EC82F /* time */ = {
			isa = PBXGroup;
			children = (
				00D324AB208598A7001EC82F /* STTimeUtil.h */,
				00D324AC208598A7001EC82F /* STTimeUtil.m */,
			);
			path = time;
			sourceTree = "<group>";
		};
		00D324DB208740EE001EC82F /* label */ = {
			isa = PBXGroup;
			children = (
				00D32498208596EC001EC82F /* UILabel+ContentSize.h */,
				00D32499208596ED001EC82F /* UILabel+ContentSize.m */,
				00D3249A208596ED001EC82F /* UILabel+StringFrame.h */,
				00D32495208596EC001EC82F /* UILabel+StringFrame.m */,
			);
			path = label;
			sourceTree = "<group>";
		};
		00D324DC20874100001EC82F /* view */ = {
			isa = PBXGroup;
			children = (
				00D32496208596EC001EC82F /* UIView+Frame.h */,
				00D32497208596EC001EC82F /* UIView+Frame.m */,
			);
			path = view;
			sourceTree = "<group>";
		};
		00D324DD208742BD001EC82F /* db */ = {
			isa = PBXGroup;
			children = (
				00D324DE208742CC001EC82F /* STDataBaseUtil.h */,
				00D324DF208742CC001EC82F /* STDataBaseUtil.m */,
			);
			path = db;
			sourceTree = "<group>";
		};
		00D324E120874868001EC82F /* runtime */ = {
			isa = PBXGroup;
			children = (
				00D324E220874874001EC82F /* STRuntimeUtil.h */,
				00D324E320874874001EC82F /* STRuntimeUtil.m */,
			);
			path = runtime;
			sourceTree = "<group>";
		};
		F4CB1C08952DCB6FCA6926B1 /* Frameworks */ = {
			isa = PBXGroup;
			children = (
				C7AD31C7F288F0669DDF6673 /* Pods_framework.framework */,
			);
			name = Frameworks;
			sourceTree = "<group>";
		};
		FAD363D655F40BDCCBFFC22F /* Pods */ = {
			isa = PBXGroup;
			children = (
				70AB2E3AF702425BEFAEA1B9 /* Pods-framework.debug.xcconfig */,
				44CB19A2824E78F5D9947AB8 /* Pods-framework.release.xcconfig */,
			);
			name = Pods;
			sourceTree = "<group>";
		};
/* End PBXGroup section */

/* Begin PBXNativeTarget section */
		007B1F2920858EB3009EA9F1 /* framework */ = {
			isa = PBXNativeTarget;
			buildConfigurationList = 007B1F5620858EB7009EA9F1 /* Build configuration list for PBXNativeTarget "framework" */;
			buildPhases = (
				05DC3245BA900D6658641B27 /* [CP] Check Pods Manifest.lock */,
				007B1F2620858EB3009EA9F1 /* Sources */,
				007B1F2720858EB3009EA9F1 /* Frameworks */,
				007B1F2820858EB3009EA9F1 /* Resources */,
				E16904A781865EC1EDCA8D82 /* [CP] Embed Pods Frameworks */,
			);
			buildRules = (
			);
			dependencies = (
			);
			name = framework;
			productName = framework;
			productReference = 007B1F2A20858EB3009EA9F1 /* framework.app */;
			productType = "com.apple.product-type.application";
		};
		007B1F4120858EB6009EA9F1 /* frameworkTests */ = {
			isa = PBXNativeTarget;
			buildConfigurationList = 007B1F5920858EB7009EA9F1 /* Build configuration list for PBXNativeTarget "frameworkTests" */;
			buildPhases = (
				007B1F3E20858EB6009EA9F1 /* Sources */,
				007B1F3F20858EB6009EA9F1 /* Frameworks */,
				007B1F4020858EB6009EA9F1 /* Resources */,
			);
			buildRules = (
			);
			dependencies = (
				007B1F4420858EB6009EA9F1 /* PBXTargetDependency */,
			);
			name = frameworkTests;
			productName = frameworkTests;
			productReference = 007B1F4220858EB6009EA9F1 /* frameworkTests.xctest */;
			productType = "com.apple.product-type.bundle.unit-test";
		};
		007B1F4C20858EB7009EA9F1 /* frameworkUITests */ = {
			isa = PBXNativeTarget;
			buildConfigurationList = 007B1F5C20858EB7009EA9F1 /* Build configuration list for PBXNativeTarget "frameworkUITests" */;
			buildPhases = (
				007B1F4920858EB7009EA9F1 /* Sources */,
				007B1F4A20858EB7009EA9F1 /* Frameworks */,
				007B1F4B20858EB7009EA9F1 /* Resources */,
			);
			buildRules = (
			);
			dependencies = (
				007B1F4F20858EB7009EA9F1 /* PBXTargetDependency */,
			);
			name = frameworkUITests;
			productName = frameworkUITests;
			productReference = 007B1F4D20858EB7009EA9F1 /* frameworkUITests.xctest */;
			productType = "com.apple.product-type.bundle.ui-testing";
		};
/* End PBXNativeTarget section */

/* Begin PBXProject section */
		007B1F2220858EB3009EA9F1 /* Project object */ = {
			isa = PBXProject;
			attributes = {
				LastUpgradeCheck = 0930;
				ORGANIZATIONNAME = "黄成实";
				TargetAttributes = {
					007B1F2920858EB3009EA9F1 = {
						CreatedOnToolsVersion = 9.3;
					};
					007B1F4120858EB6009EA9F1 = {
						CreatedOnToolsVersion = 9.3;
						TestTargetID = 007B1F2920858EB3009EA9F1;
					};
					007B1F4C20858EB7009EA9F1 = {
						CreatedOnToolsVersion = 9.3;
						TestTargetID = 007B1F2920858EB3009EA9F1;
					};
				};
			};
			buildConfigurationList = 007B1F2520858EB3009EA9F1 /* Build configuration list for PBXProject "framework" */;
			compatibilityVersion = "Xcode 9.3";
			developmentRegion = en;
			hasScannedForEncodings = 0;
			knownRegions = (
				en,
				Base,
			);
			mainGroup = 007B1F2120858EB3009EA9F1;
			productRefGroup = 007B1F2B20858EB3009EA9F1 /* Products */;
			projectDirPath = "";
			projectRoot = "";
			targets = (
				007B1F2920858EB3009EA9F1 /* framework */,
				007B1F4120858EB6009EA9F1 /* frameworkTests */,
				007B1F4C20858EB7009EA9F1 /* frameworkUITests */,
			);
		};
/* End PBXProject section */

/* Begin PBXResourcesBuildPhase section */
		007B1F2820858EB3009EA9F1 /* Resources */ = {
			isa = PBXResourcesBuildPhase;
			buildActionMask = 2147483647;
			files = (
				007B1F3A20858EB6009EA9F1 /* LaunchScreen.storyboard in Resources */,
				007B1F3720858EB6009EA9F1 /* Assets.xcassets in Resources */,
				007B1F3520858EB3009EA9F1 /* Main.storyboard in Resources */,
			);
			runOnlyForDeploymentPostprocessing = 0;
		};
		007B1F4020858EB6009EA9F1 /* Resources */ = {
			isa = PBXResourcesBuildPhase;
			buildActionMask = 2147483647;
			files = (
			);
			runOnlyForDeploymentPostprocessing = 0;
		};
		007B1F4B20858EB7009EA9F1 /* Resources */ = {
			isa = PBXResourcesBuildPhase;
			buildActionMask = 2147483647;
			files = (
			);
			runOnlyForDeploymentPostprocessing = 0;
		};
/* End PBXResourcesBuildPhase section */

/* Begin PBXShellScriptBuildPhase section */
		05DC3245BA900D6658641B27 /* [CP] Check Pods Manifest.lock */ = {
			isa = PBXShellScriptBuildPhase;
			buildActionMask = 2147483647;
			files = (
			);
			inputPaths = (
				"${PODS_PODFILE_DIR_PATH}/Podfile.lock",
				"${PODS_ROOT}/Manifest.lock",
			);
			name = "[CP] Check Pods Manifest.lock";
			outputPaths = (
				"$(DERIVED_FILE_DIR)/Pods-framework-checkManifestLockResult.txt",
			);
			runOnlyForDeploymentPostprocessing = 0;
			shellPath = /bin/sh;
			shellScript = "diff \"${PODS_PODFILE_DIR_PATH}/Podfile.lock\" \"${PODS_ROOT}/Manifest.lock\" > /dev/null\nif [ $? != 0 ] ; then\n    # print error to STDERR\n    echo \"error: The sandbox is not in sync with the Podfile.lock. Run 'pod install' or update your CocoaPods installation.\" >&2\n    exit 1\nfi\n# This output is used by Xcode 'outputs' to avoid re-running this script phase.\necho \"SUCCESS\" > \"${SCRIPT_OUTPUT_FILE_0}\"\n";
			showEnvVarsInLog = 0;
		};
		E16904A781865EC1EDCA8D82 /* [CP] Embed Pods Frameworks */ = {
			isa = PBXShellScriptBuildPhase;
			buildActionMask = 2147483647;
			files = (
			);
			inputPaths = (
				"${SRCROOT}/Pods/Target Support Files/Pods-framework/Pods-framework-frameworks.sh",
				"${BUILT_PRODUCTS_DIR}/AFNetworking/AFNetworking.framework",
				"${BUILT_PRODUCTS_DIR}/FMDB/FMDB.framework",
				"${BUILT_PRODUCTS_DIR}/MBProgressHUD/MBProgressHUD.framework",
				"${BUILT_PRODUCTS_DIR}/MJExtension/MJExtension.framework",
				"${BUILT_PRODUCTS_DIR}/MJRefresh/MJRefresh.framework",
				"${BUILT_PRODUCTS_DIR}/Masonry/Masonry.framework",
				"${BUILT_PRODUCTS_DIR}/ReactiveCocoa/ReactiveCocoa.framework",
				"${BUILT_PRODUCTS_DIR}/SDWebImage/SDWebImage.framework",
			);
			name = "[CP] Embed Pods Frameworks";
			outputPaths = (
				"${TARGET_BUILD_DIR}/${FRAMEWORKS_FOLDER_PATH}/AFNetworking.framework",
				"${TARGET_BUILD_DIR}/${FRAMEWORKS_FOLDER_PATH}/FMDB.framework",
				"${TARGET_BUILD_DIR}/${FRAMEWORKS_FOLDER_PATH}/MBProgressHUD.framework",
				"${TARGET_BUILD_DIR}/${FRAMEWORKS_FOLDER_PATH}/MJExtension.framework",
				"${TARGET_BUILD_DIR}/${FRAMEWORKS_FOLDER_PATH}/MJRefresh.framework",
				"${TARGET_BUILD_DIR}/${FRAMEWORKS_FOLDER_PATH}/Masonry.framework",
				"${TARGET_BUILD_DIR}/${FRAMEWORKS_FOLDER_PATH}/ReactiveCocoa.framework",
				"${TARGET_BUILD_DIR}/${FRAMEWORKS_FOLDER_PATH}/SDWebImage.framework",
			);
			runOnlyForDeploymentPostprocessing = 0;
			shellPath = /bin/sh;
			shellScript = "\"${SRCROOT}/Pods/Target Support Files/Pods-framework/Pods-framework-frameworks.sh\"\n";
			showEnvVarsInLog = 0;
		};
/* End PBXShellScriptBuildPhase section */

/* Begin PBXSourcesBuildPhase section */
		007B1F2620858EB3009EA9F1 /* Sources */ = {
			isa = PBXSourcesBuildPhase;
			buildActionMask = 2147483647;
			files = (
				00D3249C208596ED001EC82F /* UIView+Frame.m in Sources */,
				00D324A020859778001EC82F /* BaseViewController.m in Sources */,
				00D324B2208598A7001EC82F /* STTimeUtil.m in Sources */,
				00D324B3208598A7001EC82F /* STPUtil.m in Sources */,
				007B1F3220858EB3009EA9F1 /* ViewController.m in Sources */,
				00D3249D208596ED001EC82F /* UILabel+ContentSize.m in Sources */,
				00D324B1208598A7001EC82F /* STColorUtil.m in Sources */,
				00D324D320873B14001EC82F /* RespondModel.m in Sources */,
				007B1F3D20858EB6009EA9F1 /* main.m in Sources */,
				00D324E420874874001EC82F /* STRuntimeUtil.m in Sources */,
				00D324C42086E2E0001EC82F /* ByViewModel.m in Sources */,
				00D324CD2087277E001EC82F /* STNetUtil.m in Sources */,
				00D324B0208598A7001EC82F /* STSoundUtil.m in Sources */,
				00D324C72086E330001EC82F /* ByModel.m in Sources */,
				007B1F2F20858EB3009EA9F1 /* AppDelegate.m in Sources */,
				00D3249B208596ED001EC82F /* UILabel+StringFrame.m in Sources */,
				00D32491208594F4001EC82F /* STLog.m in Sources */,
				00D324CA2086E355001EC82F /* ByView.m in Sources */,
				00D324E0208742CC001EC82F /* STDataBaseUtil.m in Sources */,
			);
			runOnlyForDeploymentPostprocessing = 0;
		};
		007B1F3E20858EB6009EA9F1 /* Sources */ = {
			isa = PBXSourcesBuildPhase;
			buildActionMask = 2147483647;
			files = (
				007B1F4720858EB6009EA9F1 /* frameworkTests.m in Sources */,
			);
			runOnlyForDeploymentPostprocessing = 0;
		};
		007B1F4920858EB7009EA9F1 /* Sources */ = {
			isa = PBXSourcesBuildPhase;
			buildActionMask = 2147483647;
			files = (
				007B1F5220858EB7009EA9F1 /* frameworkUITests.m in Sources */,
			);
			runOnlyForDeploymentPostprocessing = 0;
		};
/* End PBXSourcesBuildPhase section */

/* Begin PBXTargetDependency section */
		007B1F4420858EB6009EA9F1 /* PBXTargetDependency */ = {
			isa = PBXTargetDependency;
			target = 007B1F2920858EB3009EA9F1 /* framework */;
			targetProxy = 007B1F4320858EB6009EA9F1 /* PBXContainerItemProxy */;
		};
		007B1F4F20858EB7009EA9F1 /* PBXTargetDependency */ = {
			isa = PBXTargetDependency;
			target = 007B1F2920858EB3009EA9F1 /* framework */;
			targetProxy = 007B1F4E20858EB7009EA9F1 /* PBXContainerItemProxy */;
		};
/* End PBXTargetDependency section */

/* Begin PBXVariantGroup section */
		007B1F3320858EB3009EA9F1 /* Main.storyboard */ = {
			isa = PBXVariantGroup;
			children = (
				007B1F3420858EB3009EA9F1 /* Base */,
			);
			name = Main.storyboard;
			sourceTree = "<group>";
		};
		007B1F3820858EB6009EA9F1 /* LaunchScreen.storyboard */ = {
			isa = PBXVariantGroup;
			children = (
				007B1F3920858EB6009EA9F1 /* Base */,
			);
			name = LaunchScreen.storyboard;
			sourceTree = "<group>";
		};
/* End PBXVariantGroup section */

/* Begin XCBuildConfiguration section */
		007B1F5420858EB7009EA9F1 /* Debug */ = {
			isa = XCBuildConfiguration;
			buildSettings = {
				ALWAYS_SEARCH_USER_PATHS = NO;
				CLANG_ANALYZER_NONNULL = YES;
				CLANG_ANALYZER_NUMBER_OBJECT_CONVERSION = YES_AGGRESSIVE;
				CLANG_CXX_LANGUAGE_STANDARD = "gnu++14";
				CLANG_CXX_LIBRARY = "libc++";
				CLANG_ENABLE_MODULES = YES;
				CLANG_ENABLE_OBJC_ARC = YES;
				CLANG_ENABLE_OBJC_WEAK = YES;
				CLANG_WARN_BLOCK_CAPTURE_AUTORELEASING = YES;
				CLANG_WARN_BOOL_CONVERSION = YES;
				CLANG_WARN_COMMA = YES;
				CLANG_WARN_CONSTANT_CONVERSION = YES;
				CLANG_WARN_DEPRECATED_OBJC_IMPLEMENTATIONS = YES;
				CLANG_WARN_DIRECT_OBJC_ISA_USAGE = YES_ERROR;
				CLANG_WARN_DOCUMENTATION_COMMENTS = YES;
				CLANG_WARN_EMPTY_BODY = YES;
				CLANG_WARN_ENUM_CONVERSION = YES;
				CLANG_WARN_INFINITE_RECURSION = YES;
				CLANG_WARN_INT_CONVERSION = YES;
				CLANG_WARN_NON_LITERAL_NULL_CONVERSION = YES;
				CLANG_WARN_OBJC_IMPLICIT_RETAIN_SELF = YES;
				CLANG_WARN_OBJC_LITERAL_CONVERSION = YES;
				CLANG_WARN_OBJC_ROOT_CLASS = YES_ERROR;
				CLANG_WARN_RANGE_LOOP_ANALYSIS = YES;
				CLANG_WARN_STRICT_PROTOTYPES = YES;
				CLANG_WARN_SUSPICIOUS_MOVE = YES;
				CLANG_WARN_UNGUARDED_AVAILABILITY = YES_AGGRESSIVE;
				CLANG_WARN_UNREACHABLE_CODE = YES;
				CLANG_WARN__DUPLICATE_METHOD_MATCH = YES;
				CODE_SIGN_IDENTITY = "iPhone Developer";
				COPY_PHASE_STRIP = NO;
				DEBUG_INFORMATION_FORMAT = dwarf;
				ENABLE_STRICT_OBJC_MSGSEND = YES;
				ENABLE_TESTABILITY = YES;
				GCC_C_LANGUAGE_STANDARD = gnu11;
				GCC_DYNAMIC_NO_PIC = NO;
				GCC_NO_COMMON_BLOCKS = YES;
				GCC_OPTIMIZATION_LEVEL = 0;
				GCC_PREPROCESSOR_DEFINITIONS = (
					"DEBUG=1",
					"$(inherited)",
				);
				GCC_WARN_64_TO_32_BIT_CONVERSION = YES;
				GCC_WARN_ABOUT_RETURN_TYPE = YES_ERROR;
				GCC_WARN_UNDECLARED_SELECTOR = YES;
				GCC_WARN_UNINITIALIZED_AUTOS = YES_AGGRESSIVE;
				GCC_WARN_UNUSED_FUNCTION = YES;
				GCC_WARN_UNUSED_VARIABLE = YES;
				IPHONEOS_DEPLOYMENT_TARGET = 11.3;
				MTL_ENABLE_DEBUG_INFO = YES;
				ONLY_ACTIVE_ARCH = YES;
				SDKROOT = iphoneos;
			};
			name = Debug;
		};
		007B1F5520858EB7009EA9F1 /* Release */ = {
			isa = XCBuildConfiguration;
			buildSettings = {
				ALWAYS_SEARCH_USER_PATHS = NO;
				CLANG_ANALYZER_NONNULL = YES;
				CLANG_ANALYZER_NUMBER_OBJECT_CONVERSION = YES_AGGRESSIVE;
				CLANG_CXX_LANGUAGE_STANDARD = "gnu++14";
				CLANG_CXX_LIBRARY = "libc++";
				CLANG_ENABLE_MODULES = YES;
				CLANG_ENABLE_OBJC_ARC = YES;
				CLANG_ENABLE_OBJC_WEAK = YES;
				CLANG_WARN_BLOCK_CAPTURE_AUTORELEASING = YES;
				CLANG_WARN_BOOL_CONVERSION = YES;
				CLANG_WARN_COMMA = YES;
				CLANG_WARN_CONSTANT_CONVERSION = YES;
				CLANG_WARN_DEPRECATED_OBJC_IMPLEMENTATIONS = YES;
				CLANG_WARN_DIRECT_OBJC_ISA_USAGE = YES_ERROR;
				CLANG_WARN_DOCUMENTATION_COMMENTS = YES;
				CLANG_WARN_EMPTY_BODY = YES;
				CLANG_WARN_ENUM_CONVERSION = YES;
				CLANG_WARN_INFINITE_RECURSION = YES;
				CLANG_WARN_INT_CONVERSION = YES;
				CLANG_WARN_NON_LITERAL_NULL_CONVERSION = YES;
				CLANG_WARN_OBJC_IMPLICIT_RETAIN_SELF = YES;
				CLANG_WARN_OBJC_LITERAL_CONVERSION = YES;
				CLANG_WARN_OBJC_ROOT_CLASS = YES_ERROR;
				CLANG_WARN_RANGE_LOOP_ANALYSIS = YES;
				CLANG_WARN_STRICT_PROTOTYPES = YES;
				CLANG_WARN_SUSPICIOUS_MOVE = YES;
				CLANG_WARN_UNGUARDED_AVAILABILITY = YES_AGGRESSIVE;
				CLANG_WARN_UNREACHABLE_CODE = YES;
				CLANG_WARN__DUPLICATE_METHOD_MATCH = YES;
				CODE_SIGN_IDENTITY = "iPhone Developer";
				COPY_PHASE_STRIP = NO;
				DEBUG_INFORMATION_FORMAT = "dwarf-with-dsym";
				ENABLE_NS_ASSERTIONS = NO;
				ENABLE_STRICT_OBJC_MSGSEND = YES;
				GCC_C_LANGUAGE_STANDARD = gnu11;
				GCC_NO_COMMON_BLOCKS = YES;
				GCC_WARN_64_TO_32_BIT_CONVERSION = YES;
				GCC_WARN_ABOUT_RETURN_TYPE = YES_ERROR;
				GCC_WARN_UNDECLARED_SELECTOR = YES;
				GCC_WARN_UNINITIALIZED_AUTOS = YES_AGGRESSIVE;
				GCC_WARN_UNUSED_FUNCTION = YES;
				GCC_WARN_UNUSED_VARIABLE = YES;
				IPHONEOS_DEPLOYMENT_TARGET = 11.3;
				MTL_ENABLE_DEBUG_INFO = NO;
				SDKROOT = iphoneos;
				VALIDATE_PRODUCT = YES;
			};
			name = Release;
		};
		007B1F5720858EB7009EA9F1 /* Debug */ = {
			isa = XCBuildConfiguration;
			baseConfigurationReference = 70AB2E3AF702425BEFAEA1B9 /* Pods-framework.debug.xcconfig */;
			buildSettings = {
				ASSETCATALOG_COMPILER_APPICON_NAME = AppIcon;
				CODE_SIGN_STYLE = Automatic;
				DEVELOPMENT_TEAM = AB86U4DT8H;
				GCC_PREFIX_HEADER = framework/macro/STPrefixHeader.pch;
				INFOPLIST_FILE = framework/Info.plist;
				LD_RUNPATH_SEARCH_PATHS = (
					"$(inherited)",
					"@executable_path/Frameworks",
				);
				PRODUCT_BUNDLE_IDENTIFIER = com.sthl.framework;
				PRODUCT_NAME = "$(TARGET_NAME)";
				TARGETED_DEVICE_FAMILY = "1,2";
			};
			name = Debug;
		};
		007B1F5820858EB7009EA9F1 /* Release */ = {
			isa = XCBuildConfiguration;
			baseConfigurationReference = 44CB19A2824E78F5D9947AB8 /* Pods-framework.release.xcconfig */;
			buildSettings = {
				ASSETCATALOG_COMPILER_APPICON_NAME = AppIcon;
				CODE_SIGN_STYLE = Automatic;
				DEVELOPMENT_TEAM = AB86U4DT8H;
				GCC_PREFIX_HEADER = framework/macro/STPrefixHeader.pch;
				INFOPLIST_FILE = framework/Info.plist;
				LD_RUNPATH_SEARCH_PATHS = (
					"$(inherited)",
					"@executable_path/Frameworks",
				);
				PRODUCT_BUNDLE_IDENTIFIER = com.sthl.framework;
				PRODUCT_NAME = "$(TARGET_NAME)";
				TARGETED_DEVICE_FAMILY = "1,2";
			};
			name = Release;
		};
		007B1F5A20858EB7009EA9F1 /* Debug */ = {
			isa = XCBuildConfiguration;
			buildSettings = {
				BUNDLE_LOADER = "$(TEST_HOST)";
				CODE_SIGN_STYLE = Automatic;
				DEVELOPMENT_TEAM = AB86U4DT8H;
				INFOPLIST_FILE = frameworkTests/Info.plist;
				LD_RUNPATH_SEARCH_PATHS = (
					"$(inherited)",
					"@executable_path/Frameworks",
					"@loader_path/Frameworks",
				);
				PRODUCT_BUNDLE_IDENTIFIER = com.sthl.frameworkTests;
				PRODUCT_NAME = "$(TARGET_NAME)";
				TARGETED_DEVICE_FAMILY = "1,2";
				TEST_HOST = "$(BUILT_PRODUCTS_DIR)/framework.app/framework";
			};
			name = Debug;
		};
		007B1F5B20858EB7009EA9F1 /* Release */ = {
			isa = XCBuildConfiguration;
			buildSettings = {
				BUNDLE_LOADER = "$(TEST_HOST)";
				CODE_SIGN_STYLE = Automatic;
				DEVELOPMENT_TEAM = AB86U4DT8H;
				INFOPLIST_FILE = frameworkTests/Info.plist;
				LD_RUNPATH_SEARCH_PATHS = (
					"$(inherited)",
					"@executable_path/Frameworks",
					"@loader_path/Frameworks",
				);
				PRODUCT_BUNDLE_IDENTIFIER = com.sthl.frameworkTests;
				PRODUCT_NAME = "$(TARGET_NAME)";
				TARGETED_DEVICE_FAMILY = "1,2";
				TEST_HOST = "$(BUILT_PRODUCTS_DIR)/framework.app/framework";
			};
			name = Release;
		};
		007B1F5D20858EB7009EA9F1 /* Debug */ = {
			isa = XCBuildConfiguration;
			buildSettings = {
				CODE_SIGN_STYLE = Automatic;
				DEVELOPMENT_TEAM = AB86U4DT8H;
				INFOPLIST_FILE = frameworkUITests/Info.plist;
				LD_RUNPATH_SEARCH_PATHS = (
					"$(inherited)",
					"@executable_path/Frameworks",
					"@loader_path/Frameworks",
				);
				PRODUCT_BUNDLE_IDENTIFIER = com.sthl.frameworkUITests;
				PRODUCT_NAME = "$(TARGET_NAME)";
				TARGETED_DEVICE_FAMILY = "1,2";
				TEST_TARGET_NAME = framework;
			};
			name = Debug;
		};
		007B1F5E20858EB7009EA9F1 /* Release */ = {
			isa = XCBuildConfiguration;
			buildSettings = {
				CODE_SIGN_STYLE = Automatic;
				DEVELOPMENT_TEAM = AB86U4DT8H;
				INFOPLIST_FILE = frameworkUITests/Info.plist;
				LD_RUNPATH_SEARCH_PATHS = (
					"$(inherited)",
					"@executable_path/Frameworks",
					"@loader_path/Frameworks",
				);
				PRODUCT_BUNDLE_IDENTIFIER = com.sthl.frameworkUITests;
				PRODUCT_NAME = "$(TARGET_NAME)";
				TARGETED_DEVICE_FAMILY = "1,2";
				TEST_TARGET_NAME = framework;
			};
			name = Release;
		};
/* End XCBuildConfiguration section */

/* Begin XCConfigurationList section */
		007B1F2520858EB3009EA9F1 /* Build configuration list for PBXProject "framework" */ = {
			isa = XCConfigurationList;
			buildConfigurations = (
				007B1F5420858EB7009EA9F1 /* Debug */,
				007B1F5520858EB7009EA9F1 /* Release */,
			);
			defaultConfigurationIsVisible = 0;
			defaultConfigurationName = Release;
		};
		007B1F5620858EB7009EA9F1 /* Build configuration list for PBXNativeTarget "framework" */ = {
			isa = XCConfigurationList;
			buildConfigurations = (
				007B1F5720858EB7009EA9F1 /* Debug */,
				007B1F5820858EB7009EA9F1 /* Release */,
			);
			defaultConfigurationIsVisible = 0;
			defaultConfigurationName = Release;
		};
		007B1F5920858EB7009EA9F1 /* Build configuration list for PBXNativeTarget "frameworkTests" */ = {
			isa = XCConfigurationList;
			buildConfigurations = (
				007B1F5A20858EB7009EA9F1 /* Debug */,
				007B1F5B20858EB7009EA9F1 /* Release */,
			);
			defaultConfigurationIsVisible = 0;
			defaultConfigurationName = Release;
		};
		007B1F5C20858EB7009EA9F1 /* Build configuration list for PBXNativeTarget "frameworkUITests" */ = {
			isa = XCConfigurationList;
			buildConfigurations = (
				007B1F5D20858EB7009EA9F1 /* Debug */,
				007B1F5E20858EB7009EA9F1 /* Release */,
			);
			defaultConfigurationIsVisible = 0;
			defaultConfigurationName = Release;
		};
/* End XCConfigurationList section */
	};
	rootObject = 007B1F2220858EB3009EA9F1 /* Project object */;
}
